// !$*UTF8*$!
{
	archiveVersion = 1;
	classes = {
	};
	objectVersion = 77;
	objects = {

/* Begin PBXBuildFile section */
		04662ABE081C14CF59290D0E /* UserProfileStore.swift in Sources */ = {isa = PBXBuildFile; fileRef = 147E2572E77262BD15CC51BB /* UserProfileStore.swift */; };
		0D80CF65E909D35DF39AF105 /* IceBreakerPrompts.swift in Sources */ = {isa = PBXBuildFile; fileRef = 1C6D6F8A481677FD2F901907 /* IceBreakerPrompts.swift */; };
		16E23B943B21C4F82FA071A6 /* FamilyView.swift in Sources */ = {isa = PBXBuildFile; fileRef = 817B15F387BBDBBBBD3A9204 /* FamilyView.swift */; };
		1FD7A979ABF2C24F71DD2FF9 /* MockData.swift in Sources */ = {isa = PBXBuildFile; fileRef = 2C0D74432BA96FB82E4058CB /* MockData.swift */; };
		25E6605C894DA77BBF9AB8FE /* Match.swift in Sources */ = {isa = PBXBuildFile; fileRef = BFA6BE12D8E88A5D69E0EB2A /* Match.swift */; };
		27A6ECDACF1CC689C213867C /* ChatView.swift in Sources */ = {isa = PBXBuildFile; fileRef = 67B9737FEC6551D0638CB283 /* ChatView.swift */; };
		3721A43BC427F78FC397EAB5 /* InboxView.swift in Sources */ = {isa = PBXBuildFile; fileRef = F6077B737D03664A0ECC9BBE /* InboxView.swift */; };
		3CD602E18AAB1A4EA6DF4B87 /* ToastManager.swift in Sources */ = {isa = PBXBuildFile; fileRef = 928F7D049B97D5DDB1618D10 /* ToastManager.swift */; };
		4B83E301BF3FB670F6A09FFE /* OnboardingViewModel.swift in Sources */ = {isa = PBXBuildFile; fileRef = A39E2C718C6D76E06C1091A3 /* OnboardingViewModel.swift */; };
		4DEA9444AC4DA3121A7D0349 /* OnboardingContainerView.swift in Sources */ = {isa = PBXBuildFile; fileRef = 174F4A5A4F51A001C55F9550 /* OnboardingContainerView.swift */; };
		4FDB46224925BE16F64B9039 /* ContentView.swift in Sources */ = {isa = PBXBuildFile; fileRef = 89C40D3AB03FE9915402B49D /* ContentView.swift */; };
		53863F4A77D347A00DE88131 /* FeedCard.swift in Sources */ = {isa = PBXBuildFile; fileRef = 1B81423DD47677095E37D908 /* FeedCard.swift */; };
		547408FEB8426FFBE2E3FED1 /* GlassCard.swift in Sources */ = {isa = PBXBuildFile; fileRef = 154D586DDB6B441D18F95979 /* GlassCard.swift */; };
		58A2A93ED487052FC791076C /* UserImageStore.swift in Sources */ = {isa = PBXBuildFile; fileRef = 5AB60A5CAC7259C74EDB0E04 /* UserImageStore.swift */; };
		600E43C1290E967091088F9B /* WelcomeView.swift in Sources */ = {isa = PBXBuildFile; fileRef = 1730F30F16F904D1FE142FE6 /* WelcomeView.swift */; };
		62AE35285A1468674C2F0D8C /* DiscoverView.swift in Sources */ = {isa = PBXBuildFile; fileRef = B4357D6E6B128A010830FADE /* DiscoverView.swift */; };
		63155BC4063DCD5A20A1AB2D /* PhoneAuthView.swift in Sources */ = {isa = PBXBuildFile; fileRef = 2E67FB49BEA1E6AA8DDCC2D6 /* PhoneAuthView.swift */; };
		6C596A37CBD56994709DB156 /* HTTPClient.swift in Sources */ = {isa = PBXBuildFile; fileRef = B3DF7AFC01CC4259BF578349 /* HTTPClient.swift */; };
		6E4FCF96B7E70AD56B2BB0D0 /* Theme.swift in Sources */ = {isa = PBXBuildFile; fileRef = DDCDE070760DA59744D9A460 /* Theme.swift */; };
		6E7999836CF240DC419732D1 /* OTPVerificationView.swift in Sources */ = {isa = PBXBuildFile; fileRef = 235BA25A7C5F919412E8CD52 /* OTPVerificationView.swift */; };
		704477E14BE7438513DD1BEB /* ProfileView.swift in Sources */ = {isa = PBXBuildFile; fileRef = B2EE87F445D3DE95DAEFA55E /* ProfileView.swift */; };
		7052B7337B892562C1B8E8B3 /* SettingsViewModel.swift in Sources */ = {isa = PBXBuildFile; fileRef = 53FEA4EB77F063C3C4BEA951 /* SettingsViewModel.swift */; };
		73D434E7723BBD06DF90C964 /* TokenStore.swift in Sources */ = {isa = PBXBuildFile; fileRef = FE06DD7DB3D7C9003303ED65 /* TokenStore.swift */; };
		788B8EE8528428C0AF6D01A9 /* Localization.swift in Sources */ = {isa = PBXBuildFile; fileRef = DD07BFBE5931DC3033414600 /* Localization.swift */; };
		78DD34B4252CF120EC9825C3 /* SettingsView.swift in Sources */ = {isa = PBXBuildFile; fileRef = 2F4DA05AB721A04A24F8B8D1 /* SettingsView.swift */; };
		7BAD12855C230842DF44F559 /* ImageCompression.swift in Sources */ = {isa = PBXBuildFile; fileRef = 0F0CF066DC5B615536937DF2 /* ImageCompression.swift */; };
		7F64F34B2AE580C23269C628 /* AuthViewModel.swift in Sources */ = {isa = PBXBuildFile; fileRef = 51F91A7C1D22066F70F2F082 /* AuthViewModel.swift */; };
		806710D07719893D1A109D81 /* ThemeManager.swift in Sources */ = {isa = PBXBuildFile; fileRef = BB3BCE9D114AE38A2BEC87CE /* ThemeManager.swift */; };
		80AD18840A91696A4CDC05FE /* User.swift in Sources */ = {isa = PBXBuildFile; fileRef = 062CA050992BC1F6C3B39501 /* User.swift */; };
		842F129BAD83B89AFDEAD31F /* ChatViewModel.swift in Sources */ = {isa = PBXBuildFile; fileRef = C22F1C34B1B231F873465150 /* ChatViewModel.swift */; };
		8F3EFDD1B4C103720C12E920 /* SocketIO in Frameworks */ = {isa = PBXBuildFile; productRef = AD43A56A7C03CCECE06EF089 /* SocketIO */; };
		9A4739487D873DC84586D5F4 /* SocketManager.swift in Sources */ = {isa = PBXBuildFile; fileRef = 66F00DA56064F7CA9AE9C772 /* SocketManager.swift */; };
		9D031002BFC9E78C7E136BD7 /* EditProfileView.swift in Sources */ = {isa = PBXBuildFile; fileRef = FF977D5CDFCF27973C92EC53 /* EditProfileView.swift */; };
		A1A4509589373CDFFC00E4CF /* MatchesView.swift in Sources */ = {isa = PBXBuildFile; fileRef = D766A471EA7CA3CB7B312641 /* MatchesView.swift */; };
		A1C29D86FF0D85CFFB820F87 /* APIService.swift in Sources */ = {isa = PBXBuildFile; fileRef = A4B90365D201CFD64089E527 /* APIService.swift */; };
		A1D83150818C6F3A6B8F637E /* ProfileViewModel.swift in Sources */ = {isa = PBXBuildFile; fileRef = 7F2E18810F467B9A48B9B7C7 /* ProfileViewModel.swift */; };
		A9D22EA4222D3B61944627AD /* AppConfig.swift in Sources */ = {isa = PBXBuildFile; fileRef = E80284C6AE7351F6F732B582 /* AppConfig.swift */; };
		AAF20ADD595C57870881C8B5 /* Assets.xcassets in Resources */ = {isa = PBXBuildFile; fileRef = 65F30B08041A03FE81243E50 /* Assets.xcassets */; };
		ABC17BE90D7AC4DE5786B4E8 /* Extensions.swift in Sources */ = {isa = PBXBuildFile; fileRef = 10667B045864C59FCFEF4859 /* Extensions.swift */; };
		AE6904F18762A2518E6756E2 /* MitiMaitiApp.swift in Sources */ = {isa = PBXBuildFile; fileRef = 4DBD4CC91F98B185CBD3566C /* MitiMaitiApp.swift */; };
		BECA85128CF7F0487301FF3B /* FamilyViewModel.swift in Sources */ = {isa = PBXBuildFile; fileRef = FE13D2C04EF8B7EE9847707D /* FamilyViewModel.swift */; };
		C6DE9204B060D13728A1B4F5 /* MainTabView.swift in Sources */ = {isa = PBXBuildFile; fileRef = 99B858841BA4C3CDD6E683CC /* MainTabView.swift */; };
		CCA17E0305B114F03FCD6E2A /* ProfileResponse.swift in Sources */ = {isa = PBXBuildFile; fileRef = 21DAA33A2088A879B539FBF5 /* ProfileResponse.swift */; };
		D044B4DE3A380EA1AAE285B2 /* NotificationManager.swift in Sources */ = {isa = PBXBuildFile; fileRef = 432F778A02FBA178A3924473 /* NotificationManager.swift */; };
		D098E06F2C005E2A54B38003 /* InboxViewModel.swift in Sources */ = {isa = PBXBuildFile; fileRef = 76397834BDE13008D948849C /* InboxViewModel.swift */; };
		D813FE1FC2F0783E72F1C77A /* MessageRepository.swift in Sources */ = {isa = PBXBuildFile; fileRef = 3D65B635AB35E3847EE5AD34 /* MessageRepository.swift */; };
		E78FEE8CCCBA18A5A724A238 /* LikedYouView.swift in Sources */ = {isa = PBXBuildFile; fileRef = 20312866CCE1401D2D1F21BA /* LikedYouView.swift */; };
		EC3B112A4CE9D530D14F6A92 /* FeedViewModel.swift in Sources */ = {isa = PBXBuildFile; fileRef = 769BD9C8B2D662CED468052F /* FeedViewModel.swift */; };
		F1CAEACBDF594F4CC5FDF511 /* Enums.swift in Sources */ = {isa = PBXBuildFile; fileRef = 7ECB45A2ED82A25A49EF44BD /* Enums.swift */; };
		F1F1BAB400659F629830FA28 /* Family.swift in Sources */ = {isa = PBXBuildFile; fileRef = 88FE92D46BABEE168DE2079D /* Family.swift */; };
/* End PBXBuildFile section */

/* Begin PBXFileReference section */
		062CA050992BC1F6C3B39501 /* User.swift */ = {isa = PBXFileReference; lastKnownFileType = sourcecode.swift; path = User.swift; sourceTree = "<group>"; };
		0F0CF066DC5B615536937DF2 /* ImageCompression.swift */ = {isa = PBXFileReference; lastKnownFileType = sourcecode.swift; path = ImageCompression.swift; sourceTree = "<group>"; };
		10667B045864C59FCFEF4859 /* Extensions.swift */ = {isa = PBXFileReference; lastKnownFileType = sourcecode.swift; path = Extensions.swift; sourceTree = "<group>"; };
		147E2572E77262BD15CC51BB /* UserProfileStore.swift */ = {isa = PBXFileReference; lastKnownFileType = sourcecode.swift; path = UserProfileStore.swift; sourceTree = "<group>"; };
		154D586DDB6B441D18F95979 /* GlassCard.swift */ = {isa = PBXFileReference; lastKnownFileType = sourcecode.swift; path = GlassCard.swift; sourceTree = "<group>"; };
		1730F30F16F904D1FE142FE6 /* WelcomeView.swift */ = {isa = PBXFileReference; lastKnownFileType = sourcecode.swift; path = WelcomeView.swift; sourceTree = "<group>"; };
		174F4A5A4F51A001C55F9550 /* OnboardingContainerView.swift */ = {isa = PBXFileReference; lastKnownFileType = sourcecode.swift; path = OnboardingContainerView.swift; sourceTree = "<group>"; };
		1B81423DD47677095E37D908 /* FeedCard.swift */ = {isa = PBXFileReference; lastKnownFileType = sourcecode.swift; path = FeedCard.swift; sourceTree = "<group>"; };
		1C6D6F8A481677FD2F901907 /* IceBreakerPrompts.swift */ = {isa = PBXFileReference; lastKnownFileType = sourcecode.swift; path = IceBreakerPrompts.swift; sourceTree = "<group>"; };
		20312866CCE1401D2D1F21BA /* LikedYouView.swift */ = {isa = PBXFileReference; lastKnownFileType = sourcecode.swift; path = LikedYouView.swift; sourceTree = "<group>"; };
		21DAA33A2088A879B539FBF5 /* ProfileResponse.swift */ = {isa = PBXFileReference; lastKnownFileType = sourcecode.swift; path = ProfileResponse.swift; sourceTree = "<group>"; };
		225A3F79E591F5AA0849C9FB /* MitiMaiti.app */ = {isa = PBXFileReference; includeInIndex = 0; lastKnownFileType = wrapper.application; path = MitiMaiti.app; sourceTree = BUILT_PRODUCTS_DIR; };
		235BA25A7C5F919412E8CD52 /* OTPVerificationView.swift */ = {isa = PBXFileReference; lastKnownFileType = sourcecode.swift; path = OTPVerificationView.swift; sourceTree = "<group>"; };
		2C0D74432BA96FB82E4058CB /* MockData.swift */ = {isa = PBXFileReference; lastKnownFileType = sourcecode.swift; path = MockData.swift; sourceTree = "<group>"; };
		2E67FB49BEA1E6AA8DDCC2D6 /* PhoneAuthView.swift */ = {isa = PBXFileReference; lastKnownFileType = sourcecode.swift; path = PhoneAuthView.swift; sourceTree = "<group>"; };
		2F4DA05AB721A04A24F8B8D1 /* SettingsView.swift */ = {isa = PBXFileReference; lastKnownFileType = sourcecode.swift; path = SettingsView.swift; sourceTree = "<group>"; };
		3D65B635AB35E3847EE5AD34 /* MessageRepository.swift */ = {isa = PBXFileReference; lastKnownFileType = sourcecode.swift; path = MessageRepository.swift; sourceTree = "<group>"; };
		432F778A02FBA178A3924473 /* NotificationManager.swift */ = {isa = PBXFileReference; lastKnownFileType = sourcecode.swift; path = NotificationManager.swift; sourceTree = "<group>"; };
		4DBD4CC91F98B185CBD3566C /* MitiMaitiApp.swift */ = {isa = PBXFileReference; lastKnownFileType = sourcecode.swift; path = MitiMaitiApp.swift; sourceTree = "<group>"; };
		51F91A7C1D22066F70F2F082 /* AuthViewModel.swift */ = {isa = PBXFileReference; lastKnownFileType = sourcecode.swift; path = AuthViewModel.swift; sourceTree = "<group>"; };
		53FEA4EB77F063C3C4BEA951 /* SettingsViewModel.swift */ = {isa = PBXFileReference; lastKnownFileType = sourcecode.swift; path = SettingsViewModel.swift; sourceTree = "<group>"; };
		5AB60A5CAC7259C74EDB0E04 /* UserImageStore.swift */ = {isa = PBXFileReference; lastKnownFileType = sourcecode.swift; path = UserImageStore.swift; sourceTree = "<group>"; };
		65F30B08041A03FE81243E50 /* Assets.xcassets */ = {isa = PBXFileReference; lastKnownFileType = folder.assetcatalog; path = Assets.xcassets; sourceTree = "<group>"; };
		66F00DA56064F7CA9AE9C772 /* SocketManager.swift */ = {isa = PBXFileReference; lastKnownFileType = sourcecode.swift; path = SocketManager.swift; sourceTree = "<group>"; };
		67B9737FEC6551D0638CB283 /* ChatView.swift */ = {isa = PBXFileReference; lastKnownFileType = sourcecode.swift; path = ChatView.swift; sourceTree = "<group>"; };
		76397834BDE13008D948849C /* InboxViewModel.swift */ = {isa = PBXFileReference; lastKnownFileType = sourcecode.swift; path = InboxViewModel.swift; sourceTree = "<group>"; };
		769BD9C8B2D662CED468052F /* FeedViewModel.swift */ = {isa = PBXFileReference; lastKnownFileType = sourcecode.swift; path = FeedViewModel.swift; sourceTree = "<group>"; };
		7ECB45A2ED82A25A49EF44BD /* Enums.swift */ = {isa = PBXFileReference; lastKnownFileType = sourcecode.swift; path = Enums.swift; sourceTree = "<group>"; };
		7F2E18810F467B9A48B9B7C7 /* ProfileViewModel.swift */ = {isa = PBXFileReference; lastKnownFileType = sourcecode.swift; path = ProfileViewModel.swift; sourceTree = "<group>"; };
		817B15F387BBDBBBBD3A9204 /* FamilyView.swift */ = {isa = PBXFileReference; lastKnownFileType = sourcecode.swift; path = FamilyView.swift; sourceTree = "<group>"; };
		88FE92D46BABEE168DE2079D /* Family.swift */ = {isa = PBXFileReference; lastKnownFileType = sourcecode.swift; path = Family.swift; sourceTree = "<group>"; };
		89C40D3AB03FE9915402B49D /* ContentView.swift */ = {isa = PBXFileReference; lastKnownFileType = sourcecode.swift; path = ContentView.swift; sourceTree = "<group>"; };
		928F7D049B97D5DDB1618D10 /* ToastManager.swift */ = {isa = PBXFileReference; lastKnownFileType = sourcecode.swift; path = ToastManager.swift; sourceTree = "<group>"; };
		99B858841BA4C3CDD6E683CC /* MainTabView.swift */ = {isa = PBXFileReference; lastKnownFileType = sourcecode.swift; path = MainTabView.swift; sourceTree = "<group>"; };
		A39E2C718C6D76E06C1091A3 /* OnboardingViewModel.swift */ = {isa = PBXFileReference; lastKnownFileType = sourcecode.swift; path = OnboardingViewModel.swift; sourceTree = "<group>"; };
		A4B90365D201CFD64089E527 /* APIService.swift */ = {isa = PBXFileReference; lastKnownFileType = sourcecode.swift; path = APIService.swift; sourceTree = "<group>"; };
		B2EE87F445D3DE95DAEFA55E /* ProfileView.swift */ = {isa = PBXFileReference; lastKnownFileType = sourcecode.swift; path = ProfileView.swift; sourceTree = "<group>"; };
		B3DF7AFC01CC4259BF578349 /* HTTPClient.swift */ = {isa = PBXFileReference; lastKnownFileType = sourcecode.swift; path = HTTPClient.swift; sourceTree = "<group>"; };
		B4357D6E6B128A010830FADE /* DiscoverView.swift */ = {isa = PBXFileReference; lastKnownFileType = sourcecode.swift; path = DiscoverView.swift; sourceTree = "<group>"; };
		BB3BCE9D114AE38A2BEC87CE /* ThemeManager.swift */ = {isa = PBXFileReference; lastKnownFileType = sourcecode.swift; path = ThemeManager.swift; sourceTree = "<group>"; };
		BFA6BE12D8E88A5D69E0EB2A /* Match.swift */ = {isa = PBXFileReference; lastKnownFileType = sourcecode.swift; path = Match.swift; sourceTree = "<group>"; };
		C22F1C34B1B231F873465150 /* ChatViewModel.swift */ = {isa = PBXFileReference; lastKnownFileType = sourcecode.swift; path = ChatViewModel.swift; sourceTree = "<group>"; };
		D766A471EA7CA3CB7B312641 /* MatchesView.swift */ = {isa = PBXFileReference; lastKnownFileType = sourcecode.swift; path = MatchesView.swift; sourceTree = "<group>"; };
		DD07BFBE5931DC3033414600 /* Localization.swift */ = {isa = PBXFileReference; lastKnownFileType = sourcecode.swift; path = Localization.swift; sourceTree = "<group>"; };
		DDCDE070760DA59744D9A460 /* Theme.swift */ = {isa = PBXFileReference; lastKnownFileType = sourcecode.swift; path = Theme.swift; sourceTree = "<group>"; };
		E80284C6AE7351F6F732B582 /* AppConfig.swift */ = {isa = PBXFileReference; lastKnownFileType = sourcecode.swift; path = AppConfig.swift; sourceTree = "<group>"; };
		F6077B737D03664A0ECC9BBE /* InboxView.swift */ = {isa = PBXFileReference; lastKnownFileType = sourcecode.swift; path = InboxView.swift; sourceTree = "<group>"; };
		FE06DD7DB3D7C9003303ED65 /* TokenStore.swift */ = {isa = PBXFileReference; lastKnownFileType = sourcecode.swift; path = TokenStore.swift; sourceTree = "<group>"; };
		FE13D2C04EF8B7EE9847707D /* FamilyViewModel.swift */ = {isa = PBXFileReference; lastKnownFileType = sourcecode.swift; path = FamilyViewModel.swift; sourceTree = "<group>"; };
		FF977D5CDFCF27973C92EC53 /* EditProfileView.swift */ = {isa = PBXFileReference; lastKnownFileType = sourcecode.swift; path = EditProfileView.swift; sourceTree = "<group>"; };
/* End PBXFileReference section */

/* Begin PBXFrameworksBuildPhase section */
		4B85210FFB98DE032CC98597 /* Frameworks */ = {
			isa = PBXFrameworksBuildPhase;
			buildActionMask = 2147483647;
			files = (
				8F3EFDD1B4C103720C12E920 /* SocketIO in Frameworks */,
			);
			runOnlyForDeploymentPostprocessing = 0;
		};
/* End PBXFrameworksBuildPhase section */

/* Begin PBXGroup section */
		1FCB6D18EAF010E83FEEA652 /* Resources */ = {
			isa = PBXGroup;
			children = (
				65F30B08041A03FE81243E50 /* Assets.xcassets */,
			);
			path = Resources;
			sourceTree = "<group>";
		};
		24CEDC9614CAC69807333E69 /* Views */ = {
			isa = PBXGroup;
			children = (
				B06D86B6586D7E0F4C0E8672 /* Auth */,
				7EA042EC78BD9D1C00DC838A /* Components */,
				64BCE4B6BD1B22C8ED66889D /* Main */,
				4EDBFCEB371499FB5C230733 /* Onboarding */,
			);
			path = Views;
			sourceTree = "<group>";
		};
		4EDBFCEB371499FB5C230733 /* Onboarding */ = {
			isa = PBXGroup;
			children = (
				174F4A5A4F51A001C55F9550 /* OnboardingContainerView.swift */,
			);
			path = Onboarding;
			sourceTree = "<group>";
		};
		560B01A61C5AE14680B21F2A /* Config */ = {
			isa = PBXGroup;
			children = (
				E80284C6AE7351F6F732B582 /* AppConfig.swift */,
			);
			path = Config;
			sourceTree = "<group>";
		};
		57F8589F0AD5C0BB007E73AA /* Utils */ = {
			isa = PBXGroup;
			children = (
				10667B045864C59FCFEF4859 /* Extensions.swift */,
				0F0CF066DC5B615536937DF2 /* ImageCompression.swift */,
				DD07BFBE5931DC3033414600 /* Localization.swift */,
				432F778A02FBA178A3924473 /* NotificationManager.swift */,
				DDCDE070760DA59744D9A460 /* Theme.swift */,
				BB3BCE9D114AE38A2BEC87CE /* ThemeManager.swift */,
				928F7D049B97D5DDB1618D10 /* ToastManager.swift */,
				5AB60A5CAC7259C74EDB0E04 /* UserImageStore.swift */,
			);
			path = Utils;
			sourceTree = "<group>";
		};
		64BCE4B6BD1B22C8ED66889D /* Main */ = {
			isa = PBXGroup;
			children = (
				67B9737FEC6551D0638CB283 /* ChatView.swift */,
				B4357D6E6B128A010830FADE /* DiscoverView.swift */,
				FF977D5CDFCF27973C92EC53 /* EditProfileView.swift */,
				817B15F387BBDBBBBD3A9204 /* FamilyView.swift */,
				F6077B737D03664A0ECC9BBE /* InboxView.swift */,
				20312866CCE1401D2D1F21BA /* LikedYouView.swift */,
				99B858841BA4C3CDD6E683CC /* MainTabView.swift */,
				D766A471EA7CA3CB7B312641 /* MatchesView.swift */,
				B2EE87F445D3DE95DAEFA55E /* ProfileView.swift */,
				2F4DA05AB721A04A24F8B8D1 /* SettingsView.swift */,
			);
			path = Main;
			sourceTree = "<group>";
		};
		7EA042EC78BD9D1C00DC838A /* Components */ = {
			isa = PBXGroup;
			children = (
				154D586DDB6B441D18F95979 /* GlassCard.swift */,
			);
			path = Components;
			sourceTree = "<group>";
		};
		833AD5E1421B9DCB875FAD64 /* Models */ = {
			isa = PBXGroup;
			children = (
				7ECB45A2ED82A25A49EF44BD /* Enums.swift */,
				88FE92D46BABEE168DE2079D /* Family.swift */,
				1B81423DD47677095E37D908 /* FeedCard.swift */,
				1C6D6F8A481677FD2F901907 /* IceBreakerPrompts.swift */,
				BFA6BE12D8E88A5D69E0EB2A /* Match.swift */,
				062CA050992BC1F6C3B39501 /* User.swift */,
			);
			path = Models;
			sourceTree = "<group>";
		};
		8771021D6075C785351A5227 /* App */ = {
			isa = PBXGroup;
			children = (
				89C40D3AB03FE9915402B49D /* ContentView.swift */,
				4DBD4CC91F98B185CBD3566C /* MitiMaitiApp.swift */,
			);
			path = App;
			sourceTree = "<group>";
		};
		9D8B1A12F0B00F1A34229398 /* Products */ = {
			isa = PBXGroup;
			children = (
				225A3F79E591F5AA0849C9FB /* MitiMaiti.app */,
			);
			name = Products;
			sourceTree = "<group>";
		};
		AAE705322F50FFC8729E04E2 /* ViewModels */ = {
			isa = PBXGroup;
			children = (
				51F91A7C1D22066F70F2F082 /* AuthViewModel.swift */,
				C22F1C34B1B231F873465150 /* ChatViewModel.swift */,
				FE13D2C04EF8B7EE9847707D /* FamilyViewModel.swift */,
				769BD9C8B2D662CED468052F /* FeedViewModel.swift */,
				76397834BDE13008D948849C /* InboxViewModel.swift */,
				A39E2C718C6D76E06C1091A3 /* OnboardingViewModel.swift */,
				7F2E18810F467B9A48B9B7C7 /* ProfileViewModel.swift */,
				53FEA4EB77F063C3C4BEA951 /* SettingsViewModel.swift */,
			);
			path = ViewModels;
			sourceTree = "<group>";
		};
		B06D86B6586D7E0F4C0E8672 /* Auth */ = {
			isa = PBXGroup;
			children = (
				235BA25A7C5F919412E8CD52 /* OTPVerificationView.swift */,
				2E67FB49BEA1E6AA8DDCC2D6 /* PhoneAuthView.swift */,
				1730F30F16F904D1FE142FE6 /* WelcomeView.swift */,
			);
			path = Auth;
			sourceTree = "<group>";
		};
		E20414C2447D9A09B11C007A /* Services */ = {
			isa = PBXGroup;
			children = (
				A4B90365D201CFD64089E527 /* APIService.swift */,
				B3DF7AFC01CC4259BF578349 /* HTTPClient.swift */,
				3D65B635AB35E3847EE5AD34 /* MessageRepository.swift */,
				2C0D74432BA96FB82E4058CB /* MockData.swift */,
				21DAA33A2088A879B539FBF5 /* ProfileResponse.swift */,
				66F00DA56064F7CA9AE9C772 /* SocketManager.swift */,
				FE06DD7DB3D7C9003303ED65 /* TokenStore.swift */,
				147E2572E77262BD15CC51BB /* UserProfileStore.swift */,
			);
			path = Services;
			sourceTree = "<group>";
		};
		E6ABE6D69BEDD86A2F20AF71 /* MitiMaiti */ = {
			isa = PBXGroup;
			children = (
				8771021D6075C785351A5227 /* App */,
				560B01A61C5AE14680B21F2A /* Config */,
				833AD5E1421B9DCB875FAD64 /* Models */,
				1FCB6D18EAF010E83FEEA652 /* Resources */,
				E20414C2447D9A09B11C007A /* Services */,
				57F8589F0AD5C0BB007E73AA /* Utils */,
				AAE705322F50FFC8729E04E2 /* ViewModels */,
				24CEDC9614CAC69807333E69 /* Views */,
			);
			path = MitiMaiti;
			sourceTree = "<group>";
		};
		EE00E9939993F9F6A9DA877A = {
			isa = PBXGroup;
			children = (
				E6ABE6D69BEDD86A2F20AF71 /* MitiMaiti */,
				9D8B1A12F0B00F1A34229398 /* Products */,
			);
			sourceTree = "<group>";
		};
/* End PBXGroup section */

/* Begin PBXNativeTarget section */
		D7E0E0B76C2F28A779A455C5 /* MitiMaiti */ = {
			isa = PBXNativeTarget;
			buildConfigurationList = 74B60D45A41248435B4C67EE /* Build configuration list for PBXNativeTarget "MitiMaiti" */;
			buildPhases = (
				15E7113C4DF972D00EAAFAE6 /* Sources */,
				2CCABD1FFD5266BE00F4FE66 /* Resources */,
				4B85210FFB98DE032CC98597 /* Frameworks */,
			);
			buildRules = (
			);
			dependencies = (
			);
			name = MitiMaiti;
			packageProductDependencies = (
				AD43A56A7C03CCECE06EF089 /* SocketIO */,
			);
			productName = MitiMaiti;
			productReference = 225A3F79E591F5AA0849C9FB /* MitiMaiti.app */;
			productType = "com.apple.product-type.application";
		};
/* End PBXNativeTarget section */

/* Begin PBXProject section */
		0CC1E2CBCF0425126F5F758B /* Project object */ = {
			isa = PBXProject;
			attributes = {
				BuildIndependentTargetsInParallel = YES;
				LastUpgradeCheck = 1600;
				TargetAttributes = {
					D7E0E0B76C2F28A779A455C5 = {
						DevelopmentTeam = FLF59NSA8T;
						ProvisioningStyle = Automatic;
					};
				};
			};
			buildConfigurationList = 311122B3CB27842804E3F18C /* Build configuration list for PBXProject "MitiMaiti" */;
			developmentRegion = en;
			hasScannedForEncodings = 0;
			knownRegions = (
				Base,
				en,
			);
			mainGroup = EE00E9939993F9F6A9DA877A;
			minimizedProjectReferenceProxies = 1;
			packageReferences = (
				E6990C3A1FC5F6113C9BFDD7 /* XCRemoteSwiftPackageReference "socket.io-client-swift" */,
			);
			preferredProjectObjectVersion = 77;
			productRefGroup = 9D8B1A12F0B00F1A34229398 /* Products */;
			projectDirPath = "";
			projectRoot = "";
			targets = (
				D7E0E0B76C2F28A779A455C5 /* MitiMaiti */,
			);
		};
/* End PBXProject section */

/* Begin PBXResourcesBuildPhase section */
		2CCABD1FFD5266BE00F4FE66 /* Resources */ = {
			isa = PBXResourcesBuildPhase;
			buildActionMask = 2147483647;
			files = (
				AAF20ADD595C57870881C8B5 /* Assets.xcassets in Resources */,
			);
			runOnlyForDeploymentPostprocessing = 0;
		};
/* End PBXResourcesBuildPhase section */

/* Begin PBXSourcesBuildPhase section */
		15E7113C4DF972D00EAAFAE6 /* Sources */ = {
			isa = PBXSourcesBuildPhase;
			buildActionMask = 2147483647;
			files = (
				A1C29D86FF0D85CFFB820F87 /* APIService.swift in Sources */,
				A9D22EA4222D3B61944627AD /* AppConfig.swift in Sources */,
				7F64F34B2AE580C23269C628 /* AuthViewModel.swift in Sources */,
				27A6ECDACF1CC689C213867C /* ChatView.swift in Sources */,
				842F129BAD83B89AFDEAD31F /* ChatViewModel.swift in Sources */,
				4FDB46224925BE16F64B9039 /* ContentView.swift in Sources */,
				62AE35285A1468674C2F0D8C /* DiscoverView.swift in Sources */,
				9D031002BFC9E78C7E136BD7 /* EditProfileView.swift in Sources */,
				F1CAEACBDF594F4CC5FDF511 /* Enums.swift in Sources */,
				ABC17BE90D7AC4DE5786B4E8 /* Extensions.swift in Sources */,
				F1F1BAB400659F629830FA28 /* Family.swift in Sources */,
				16E23B943B21C4F82FA071A6 /* FamilyView.swift in Sources */,
				BECA85128CF7F0487301FF3B /* FamilyViewModel.swift in Sources */,
				53863F4A77D347A00DE88131 /* FeedCard.swift in Sources */,
				EC3B112A4CE9D530D14F6A92 /* FeedViewModel.swift in Sources */,
				547408FEB8426FFBE2E3FED1 /* GlassCard.swift in Sources */,
				6C596A37CBD56994709DB156 /* HTTPClient.swift in Sources */,
				0D80CF65E909D35DF39AF105 /* IceBreakerPrompts.swift in Sources */,
				7BAD12855C230842DF44F559 /* ImageCompression.swift in Sources */,
				3721A43BC427F78FC397EAB5 /* InboxView.swift in Sources */,
				D098E06F2C005E2A54B38003 /* InboxViewModel.swift in Sources */,
				E78FEE8CCCBA18A5A724A238 /* LikedYouView.swift in Sources */,
				788B8EE8528428C0AF6D01A9 /* Localization.swift in Sources */,
				C6DE9204B060D13728A1B4F5 /* MainTabView.swift in Sources */,
				25E6605C894DA77BBF9AB8FE /* Match.swift in Sources */,
				A1A4509589373CDFFC00E4CF /* MatchesView.swift in Sources */,
				D813FE1FC2F0783E72F1C77A /* MessageRepository.swift in Sources */,
				AE6904F18762A2518E6756E2 /* MitiMaitiApp.swift in Sources */,
				1FD7A979ABF2C24F71DD2FF9 /* MockData.swift in Sources */,
				D044B4DE3A380EA1AAE285B2 /* NotificationManager.swift in Sources */,
				6E7999836CF240DC419732D1 /* OTPVerificationView.swift in Sources */,
				4DEA9444AC4DA3121A7D0349 /* OnboardingContainerView.swift in Sources */,
				4B83E301BF3FB670F6A09FFE /* OnboardingViewModel.swift in Sources */,
				63155BC4063DCD5A20A1AB2D /* PhoneAuthView.swift in Sources */,
				CCA17E0305B114F03FCD6E2A /* ProfileResponse.swift in Sources */,
				704477E14BE7438513DD1BEB /* ProfileView.swift in Sources */,
				A1D83150818C6F3A6B8F637E /* ProfileViewModel.swift in Sources */,
				78DD34B4252CF120EC9825C3 /* SettingsView.swift in Sources */,
				7052B7337B892562C1B8E8B3 /* SettingsViewModel.swift in Sources */,
				9A4739487D873DC84586D5F4 /* SocketManager.swift in Sources */,
				6E4FCF96B7E70AD56B2BB0D0 /* Theme.swift in Sources */,
				806710D07719893D1A109D81 /* ThemeManager.swift in Sources */,
				3CD602E18AAB1A4EA6DF4B87 /* ToastManager.swift in Sources */,
				73D434E7723BBD06DF90C964 /* TokenStore.swift in Sources */,
				80AD18840A91696A4CDC05FE /* User.swift in Sources */,
				58A2A93ED487052FC791076C /* UserImageStore.swift in Sources */,
				04662ABE081C14CF59290D0E /* UserProfileStore.swift in Sources */,
				600E43C1290E967091088F9B /* WelcomeView.swift in Sources */,
			);
			runOnlyForDeploymentPostprocessing = 0;
		};
/* End PBXSourcesBuildPhase section */

/* Begin XCBuildConfiguration section */
		2EB3F9FAAE68B48EA0704679 /* Debug */ = {
			isa = XCBuildConfiguration;
			buildSettings = {
				ALWAYS_SEARCH_USER_PATHS = NO;
				ASSETCATALOG_COMPILER_APPICON_NAME = AppIcon;
				ASSETCATALOG_COMPILER_GLOBAL_ACCENT_COLOR_NAME = AccentColor;
				CLANG_ANALYZER_NONNULL = YES;
				CLANG_ANALYZER_NUMBER_OBJECT_CONVERSION = YES_AGGRESSIVE;
				CLANG_CXX_LANGUAGE_STANDARD = "gnu++14";
				CLANG_CXX_LIBRARY = "libc++";
				CLANG_ENABLE_MODULES = YES;
				CLANG_ENABLE_OBJC_ARC = YES;
				CLANG_ENABLE_OBJC_WEAK = YES;
				CLANG_WARN_BLOCK_CAPTURE_AUTORELEASING = YES;
				CLANG_WARN_BOOL_CONVERSION = YES;
				CLANG_WARN_COMMA = YES;
				CLANG_WARN_CONSTANT_CONVERSION = YES;
				CLANG_WARN_DEPRECATED_OBJC_IMPLEMENTATIONS = YES;
				CLANG_WARN_DIRECT_OBJC_ISA_USAGE = YES_ERROR;
				CLANG_WARN_DOCUMENTATION_COMMENTS = YES;
				CLANG_WARN_EMPTY_BODY = YES;
				CLANG_WARN_ENUM_CONVERSION = YES;
				CLANG_WARN_INFINITE_RECURSION = YES;
				CLANG_WARN_INT_CONVERSION = YES;
				CLANG_WARN_NON_LITERAL_NULL_CONVERSION = YES;
				CLANG_WARN_OBJC_IMPLICIT_RETAIN_SELF = YES;
				CLANG_WARN_OBJC_LITERAL_CONVERSION = YES;
				CLANG_WARN_OBJC_ROOT_CLASS = YES_ERROR;
				CLANG_WARN_QUOTED_INCLUDE_IN_FRAMEWORK_HEADER = YES;
				CLANG_WARN_RANGE_LOOP_ANALYSIS = YES;
				CLANG_WARN_STRICT_PROTOTYPES = YES;
				CLANG_WARN_SUSPICIOUS_MOVE = YES;
				CLANG_WARN_UNGUARDED_AVAILABILITY = YES_AGGRESSIVE;
				CLANG_WARN_UNREACHABLE_CODE = YES;
				CLANG_WARN__DUPLICATE_METHOD_MATCH = YES;
				CODE_SIGN_STYLE = Automatic;
				COPY_PHASE_STRIP = NO;
				CURRENT_PROJECT_VERSION = 1;
				DEBUG_INFORMATION_FORMAT = dwarf;
				DEVELOPMENT_TEAM = FLF59NSA8T;
				ENABLE_STRICT_OBJC_MSGSEND = YES;
				ENABLE_TESTABILITY = YES;
				GCC_C_LANGUAGE_STANDARD = gnu11;
				GCC_DYNAMIC_NO_PIC = NO;
				GCC_NO_COMMON_BLOCKS = YES;
				GCC_OPTIMIZATION_LEVEL = 0;
				GCC_PREPROCESSOR_DEFINITIONS = (
					"$(inherited)",
					"DEBUG=1",
				);
				GCC_WARN_64_TO_32_BIT_CONVERSION = YES;
				GCC_WARN_ABOUT_RETURN_TYPE = YES_ERROR;
				GCC_WARN_UNDECLARED_SELECTOR = YES;
				GCC_WARN_UNINITIALIZED_AUTOS = YES_AGGRESSIVE;
				GCC_WARN_UNUSED_FUNCTION = YES;
				GCC_WARN_UNUSED_VARIABLE = YES;
				INFOPLIST_KEY_CFBundleDisplayName = MitiMaiti;
				INFOPLIST_KEY_LSApplicationCategoryType = "public.app-category.social-networking";
				IPHONEOS_DEPLOYMENT_TARGET = 17.0;
				MARKETING_VERSION = 2.0.0;
				MTL_ENABLE_DEBUG_INFO = INCLUDE_SOURCE;
				MTL_FAST_MATH = YES;
				ONLY_ACTIVE_ARCH = YES;
				PRODUCT_NAME = "$(TARGET_NAME)";
				SDKROOT = iphoneos;
				SWIFT_ACTIVE_COMPILATION_CONDITIONS = DEBUG;
				SWIFT_OPTIMIZATION_LEVEL = "-Onone";
				SWIFT_VERSION = 5.9;
				TARGETED_DEVICE_FAMILY = 1;
			};
			name = Debug;
		};
		89A2E20A658C61B27EDD5393 /* Debug */ = {
			isa = XCBuildConfiguration;
			buildSettings = {
				ASSETCATALOG_COMPILER_APPICON_NAME = AppIcon;
				CODE_SIGN_IDENTITY = "iPhone Developer";
				GENERATE_INFOPLIST_FILE = YES;
				INFOPLIST_KEY_NSCameraUsageDescription = "MitiMaiti uses your camera so you can take live photos to send in chat.";
				INFOPLIST_KEY_NSMicrophoneUsageDescription = "MitiMaiti uses your microphone so you can record voice messages in chat.";
				INFOPLIST_KEY_NSPhotoLibraryUsageDescription = "MitiMaiti uses your photo library so you can pick photos to send in chat.";
				INFOPLIST_KEY_UILaunchScreen_Generation = YES;
				INFOPLIST_KEY_UIStatusBarStyle = UIStatusBarStyleLightContent;
				INFOPLIST_KEY_UISupportedInterfaceOrientations = UIInterfaceOrientationPortrait;
				LD_RUNPATH_SEARCH_PATHS = (
					"$(inherited)",
					"@executable_path/Frameworks",
				);
				PRODUCT_BUNDLE_IDENTIFIER = com.mitimaiti.MitiMaiti;
				SDKROOT = iphoneos;
				TARGETED_DEVICE_FAMILY = "1,2";
			};
			name = Debug;
		};
		98081EA6DF12D1BC38448CE4 /* Release */ = {
			isa = XCBuildConfiguration;
			buildSettings = {
				ALWAYS_SEARCH_USER_PATHS = NO;
				ASSETCATALOG_COMPILER_APPICON_NAME = AppIcon;
				ASSETCATALOG_COMPILER_GLOBAL_ACCENT_COLOR_NAME = AccentColor;
				CLANG_ANALYZER_NONNULL = YES;
				CLANG_ANALYZER_NUMBER_OBJECT_CONVERSION = YES_AGGRESSIVE;
				CLANG_CXX_LANGUAGE_STANDARD = "gnu++14";
				CLANG_CXX_LIBRARY = "libc++";
				CLANG_ENABLE_MODULES = YES;
				CLANG_ENABLE_OBJC_ARC = YES;
				CLANG_ENABLE_OBJC_WEAK = YES;
				CLANG_WARN_BLOCK_CAPTURE_AUTORELEASING = YES;
				CLANG_WARN_BOOL_CONVERSION = YES;
				CLANG_WARN_COMMA = YES;
				CLANG_WARN_CONSTANT_CONVERSION = YES;
				CLANG_WARN_DEPRECATED_OBJC_IMPLEMENTATIONS = YES;
				CLANG_WARN_DIRECT_OBJC_ISA_USAGE = YES_ERROR;
				CLANG_WARN_DOCUMENTATION_COMMENTS = YES;
				CLANG_WARN_EMPTY_BODY = YES;
				CLANG_WARN_ENUM_CONVERSION = YES;
				CLANG_WARN_INFINITE_RECURSION = YES;
				CLANG_WARN_INT_CONVERSION = YES;
				CLANG_WARN_NON_LITERAL_NULL_CONVERSION = YES;
				CLANG_WARN_OBJC_IMPLICIT_RETAIN_SELF = YES;
				CLANG_WARN_OBJC_LITERAL_CONVERSION = YES;
				CLANG_WARN_OBJC_ROOT_CLASS = YES_ERROR;
				CLANG_WARN_QUOTED_INCLUDE_IN_FRAMEWORK_HEADER = YES;
				CLANG_WARN_RANGE_LOOP_ANALYSIS = YES;
				CLANG_WARN_STRICT_PROTOTYPES = YES;
				CLANG_WARN_SUSPICIOUS_MOVE = YES;
				CLANG_WARN_UNGUARDED_AVAILABILITY = YES_AGGRESSIVE;
				CLANG_WARN_UNREACHABLE_CODE = YES;
				CLANG_WARN__DUPLICATE_METHOD_MATCH = YES;
				CODE_SIGN_STYLE = Automatic;
				COPY_PHASE_STRIP = NO;
				CURRENT_PROJECT_VERSION = 1;
				DEBUG_INFORMATION_FORMAT = "dwarf-with-dsym";
				DEVELOPMENT_TEAM = FLF59NSA8T;
				ENABLE_NS_ASSERTIONS = NO;
				ENABLE_STRICT_OBJC_MSGSEND = YES;
				GCC_C_LANGUAGE_STANDARD = gnu11;
				GCC_NO_COMMON_BLOCKS = YES;
				GCC_WARN_64_TO_32_BIT_CONVERSION = YES;
				GCC_WARN_ABOUT_RETURN_TYPE = YES_ERROR;
				GCC_WARN_UNDECLARED_SELECTOR = YES;
				GCC_WARN_UNINITIALIZED_AUTOS = YES_AGGRESSIVE;
				GCC_WARN_UNUSED_FUNCTION = YES;
				GCC_WARN_UNUSED_VARIABLE = YES;
				INFOPLIST_KEY_CFBundleDisplayName = MitiMaiti;
				INFOPLIST_KEY_LSApplicationCategoryType = "public.app-category.social-networking";
				IPHONEOS_DEPLOYMENT_TARGET = 17.0;
				MARKETING_VERSION = 2.0.0;
				MTL_ENABLE_DEBUG_INFO = NO;
				MTL_FAST_MATH = YES;
				PRODUCT_NAME = "$(TARGET_NAME)";
				SDKROOT = iphoneos;
				SWIFT_COMPILATION_MODE = wholemodule;
				SWIFT_OPTIMIZATION_LEVEL = "-O";
				SWIFT_VERSION = 5.9;
				TARGETED_DEVICE_FAMILY = 1;
			};
			name = Release;
		};
		A871D9E85518EE415F492461 /* Release */ = {
			isa = XCBuildConfiguration;
			buildSettings = {
				ASSETCATALOG_COMPILER_APPICON_NAME = AppIcon;
				CODE_SIGN_IDENTITY = "iPhone Developer";
				GENERATE_INFOPLIST_FILE = YES;
				INFOPLIST_KEY_NSCameraUsageDescription = "MitiMaiti uses your camera so you can take live photos to send in chat.";
				INFOPLIST_KEY_NSMicrophoneUsageDescription = "MitiMaiti uses your microphone so you can record voice messages in chat.";
				INFOPLIST_KEY_NSPhotoLibraryUsageDescription = "MitiMaiti uses your photo library so you can pick photos to send in chat.";
				INFOPLIST_KEY_UILaunchScreen_Generation = YES;
				INFOPLIST_KEY_UIStatusBarStyle = UIStatusBarStyleLightContent;
				INFOPLIST_KEY_UISupportedInterfaceOrientations = UIInterfaceOrientationPortrait;
				LD_RUNPATH_SEARCH_PATHS = (
					"$(inherited)",
					"@executable_path/Frameworks",
				);
				PRODUCT_BUNDLE_IDENTIFIER = com.mitimaiti.MitiMaiti;
				SDKROOT = iphoneos;
				TARGETED_DEVICE_FAMILY = "1,2";
			};
			name = Release;
		};
/* End XCBuildConfiguration section */

/* Begin XCConfigurationList section */
		311122B3CB27842804E3F18C /* Build configuration list for PBXProject "MitiMaiti" */ = {
			isa = XCConfigurationList;
			buildConfigurations = (
				2EB3F9FAAE68B48EA0704679 /* Debug */,
				98081EA6DF12D1BC38448CE4 /* Release */,
			);
			defaultConfigurationIsVisible = 0;
			defaultConfigurationName = Debug;
		};
		74B60D45A41248435B4C67EE /* Build configuration list for PBXNativeTarget "MitiMaiti" */ = {
			isa = XCConfigurationList;
			buildConfigurations = (
				89A2E20A658C61B27EDD5393 /* Debug */,
				A871D9E85518EE415F492461 /* Release */,
			);
			defaultConfigurationIsVisible = 0;
			defaultConfigurationName = Debug;
		};
/* End XCConfigurationList section */

/* Begin XCRemoteSwiftPackageReference section */
		E6990C3A1FC5F6113C9BFDD7 /* XCRemoteSwiftPackageReference "socket.io-client-swift" */ = {
			isa = XCRemoteSwiftPackageReference;
			repositoryURL = "https://github.com/socketio/socket.io-client-swift";
			requirement = {
				kind = upToNextMajorVersion;
				minimumVersion = 16.1.0;
			};
		};
/* End XCRemoteSwiftPackageReference section */

/* Begin XCSwiftPackageProductDependency section */
		AD43A56A7C03CCECE06EF089 /* SocketIO */ = {
			isa = XCSwiftPackageProductDependency;
			package = E6990C3A1FC5F6113C9BFDD7 /* XCRemoteSwiftPackageReference "socket.io-client-swift" */;
			productName = SocketIO;
		};
/* End XCSwiftPackageProductDependency section */
	};
	rootObject = 0CC1E2CBCF0425126F5F758B /* Project object */;
}
